
Microsoft Visual Studio Solution File, Format Version 12.00
# Visual Studio 15
VisualStudioVersion = 15.0.27703.2042
MinimumVisualStudioVersion = 10.0.40219.1
Project("{FAE04EC0-301F-11D3-BF4B-00C04F79EFBC}") = "SignalChat", "SignalChat\SignalChat.csproj", "{D85CE2D2-F14A-46BD-AC5C-C00E5FB8C266}"
EndProject
Project("{FAE04EC0-301F-11D3-BF4B-00C04F79EFBC}") = "SignalChat.Core", "SignalChat.Core\SignalChat.Core.csproj", "{6C3C7872-2A60-4C32-A96C-7F3D656F516C}"
EndProject
Project("{00D1A9C2-B5F0-4AF3-8072-F6C62B433612}") = "SignalChat.Database", "SignalChat.Database\SignalChat.Database.sqlproj", "{2B8281EB-6312-495F-990C-B57566813DEE}"
EndProject
Project("{FAE04EC0-301F-11D3-BF4B-00C04F79EFBC}") = "SignalChat.Bot", "SignalChat.Bot\SignalChat.Bot.csproj", "{0DC429FA-C8F2-44DA-993F-2FB86955FFF0}"
EndProject
Project("{FAE04EC0-301F-11D3-BF4B-00C04F79EFBC}") = "SignalChat.Bot.Tests", "SignalChat.Bot.Tests\SignalChat.Bot.Tests.csproj", "{F6ED4D1A-9C86-4D71-93A4-A8E0DD5151C9}"
EndProject
Global
	GlobalSection(SolutionConfigurationPlatforms) = preSolution
		Debug|Any CPU = Debug|Any CPU
		Release|Any CPU = Release|Any CPU
	EndGlobalSection
	GlobalSection(ProjectConfigurationPlatforms) = postSolution
		{D85CE2D2-F14A-46BD-AC5C-C00E5FB8C266}.Debug|Any CPU.ActiveCfg = Debug|Any CPU
		{D85CE2D2-F14A-46BD-AC5C-C00E5FB8C266}.Debug|Any CPU.Build.0 = Debug|Any CPU
		{D85CE2D2-F14A-46BD-AC5C-C00E5FB8C266}.Release|Any CPU.ActiveCfg = Release|Any CPU
		{D85CE2D2-F14A-46BD-AC5C-C00E5FB8C266}.Release|Any CPU.Build.0 = Release|Any CPU
		{6C3C7872-2A60-4C32-A96C-7F3D656F516C}.Debug|Any CPU.ActiveCfg = Debug|Any CPU
		{6C3C7872-2A60-4C32-A96C-7F3D656F516C}.Debug|Any CPU.Build.0 = Debug|Any CPU
		{6C3C7872-2A60-4C32-A96C-7F3D656F516C}.Release|Any CPU.ActiveCfg = Release|Any CPU
		{6C3C7872-2A60-4C32-A96C-7F3D656F516C}.Release|Any CPU.Build.0 = Release|Any CPU
		{2B8281EB-6312-495F-990C-B57566813DEE}.Debug|Any CPU.ActiveCfg = Debug|Any CPU
		{2B8281EB-6312-495F-990C-B57566813DEE}.Debug|Any CPU.Build.0 = Debug|Any CPU
		{2B8281EB-6312-495F-990C-B57566813DEE}.Debug|Any CPU.Deploy.0 = Debug|Any CPU
		{2B8281EB-6312-495F-990C-B57566813DEE}.Release|Any CPU.ActiveCfg = Release|Any CPU
		{2B8281EB-6312-495F-990C-B57566813DEE}.Release|Any CPU.Build.0 = Release|Any CPU
		{2B8281EB-6312-495F-990C-B57566813DEE}.Release|Any CPU.Deploy.0 = Release|Any CPU
		{0DC429FA-C8F2-44DA-993F-2FB86955FFF0}.Debug|Any CPU.ActiveCfg = Debug|Any CPU
		{0DC429FA-C8F2-44DA-993F-2FB86955FFF0}.Debug|Any CPU.Build.0 = Debug|Any CPU
		{0DC429FA-C8F2-44DA-993F-2FB86955FFF0}.Release|Any CPU.ActiveCfg = Release|Any CPU
		{0DC429FA-C8F2-44DA-993F-2FB86955FFF0}.Release|Any CPU.Build.0 = Release|Any CPU
		{F6ED4D1A-9C86-4D71-93A4-A8E0DD5151C9}.Debug|Any CPU.ActiveCfg = Debug|Any CPU
		{F6ED4D1A-9C86-4D71-93A4-A8E0DD5151C9}.Debug|Any CPU.Build.0 = Debug|Any CPU
		{F6ED4D1A-9C86-4D71-93A4-A8E0DD5151C9}.Release|Any CPU.ActiveCfg = Release|Any CPU
		{F6ED4D1A-9C86-4D71-93A4-A8E0DD5151C9}.Release|Any CPU.Build.0 = Release|Any CPU
	EndGlobalSection
	GlobalSection(SolutionProperties) = preSolution
		HideSolutionNode = FALSE
	EndGlobalSection
	GlobalSection(ExtensibilityGlobals) = postSolution
		SolutionGuid = {0A5B5FF0-5C51-4CB4-BBD8-EA1AD4DFC7DE}
	EndGlobalSection
EndGlobal
